
Microsoft Visual Studio Solution File, Format Version 12.00
# Visual Studio 15
VisualStudioVersion = 15.0.27428.2037
MinimumVisualStudioVersion = 10.0.40219.1
Project("{9A19103F-16F7-4668-BE54-9A1E7A4F7556}") = "SqlManagement.Netcore", "SqlManagement.Netcore.csproj", "{33342370-1488-46FC-B952-2E525C0A405F}"
EndProject
Global
	GlobalSection(SolutionConfigurationPlatforms) = preSolution
		Debug|Any CPU = Debug|Any CPU
		Release|Any CPU = Release|Any CPU
	EndGlobalSection
	GlobalSection(ProjectConfigurationPlatforms) = postSolution
		{33342370-1488-46FC-B952-2E525C0A405F}.Debug|Any CPU.ActiveCfg = Debug|Any CPU
		{33342370-1488-46FC-B952-2E525C0A405F}.Debug|Any CPU.Build.0 = Debug|Any CPU
		{33342370-1488-46FC-B952-2E525C0A405F}.Release|Any CPU.ActiveCfg = Release|Any CPU
		{33342370-1488-46FC-B952-2E525C0A405F}.Release|Any CPU.Build.0 = Release|Any CPU
	EndGlobalSection
	GlobalSection(SolutionProperties) = preSolution
		HideSolutionNode = FALSE
	EndGlobalSection
	GlobalSection(ExtensibilityGlobals) = postSolution
		SolutionGuid = {68586660-FC0D-4CA1-BDA9-BE74FF055092}
	EndGlobalSection
EndGlobal
